// !$*UTF8*$!
{
	archiveVersion = 1;
	classes = {
	};
	objectVersion = 50;
	objects = {

/* Begin PBXBuildFile section */
		11ACC1AE226E866C003C1DC5 /* main.c in Sources */ = {isa = PBXBuildFile; fileRef = 11ACC1AD226E866C003C1DC5 /* main.c */; };
/* End PBXBuildFile section */

/* Begin PBXCopyFilesBuildPhase section */
		11ACC1A8226E866C003C1DC5 /* CopyFiles */ = {
			isa = PBXCopyFilesBuildPhase;
			buildActionMask = 2147483647;
			dstPath = /usr/share/man/man1/;
			dstSubfolderSpec = 0;
			files = (
			);
			runOnlyForDeploymentPostprocessing = 1;
		};
/* End PBXCopyFilesBuildPhase section */

/* Begin PBXFileReference section */
		11ACC1AA226E866C003C1DC5 /* intro */ = {isa = PBXFileReference; explicitFileType = "compiled.mach-o.executable"; includeInIndex = 0; path = intro; sourceTree = BUILT_PRODUCTS_DIR; };
		11ACC1AD226E866C003C1DC5 /* main.c */ = {isa = PBXFileReference; lastKnownFileType = sourcecode.c.c; path = main.c; sourceTree = "<group>"; };
		11ACC1B4226E86A1003C1DC5 /* queue */ = {isa = PBXFileReference; lastKnownFileType = folder; name = queue; path = ../../queue; sourceTree = "<group>"; };
		11ACC1B5226E86A1003C1DC5 /* strings */ = {isa = PBXFileReference; lastKnownFileType = folder; name = strings; path = ../../strings; sourceTree = "<group>"; };
		11ACC1B6226E86A1003C1DC5 /* hangman */ = {isa = PBXFileReference; lastKnownFileType = folder; name = hangman; path = ../../hangman; sourceTree = "<group>"; };
		11ACC1B7226E86A1003C1DC5 /* fizzbuzz */ = {isa = PBXFileReference; lastKnownFileType = folder; name = fizzbuzz; path = ../../fizzbuzz; sourceTree = "<group>"; };
		11ACC1B8226E86A1003C1DC5 /* README.md */ = {isa = PBXFileReference; fileEncoding = 4; lastKnownFileType = net.daringfireball.markdown; name = README.md; path = ../../README.md; sourceTree = "<group>"; };
		11ACC1B9226E86A1003C1DC5 /* utils */ = {isa = PBXFileReference; lastKnownFileType = folder; name = utils; path = ../../utils; sourceTree = "<group>"; };
		11ACC1BA226E86A1003C1DC5 /* malloc */ = {isa = PBXFileReference; lastKnownFileType = folder; name = malloc; path = ../../malloc; sourceTree = "<group>"; };
		11ACC1BB226E86A1003C1DC5 /* TROUBLESHOOTING.md */ = {isa = PBXFileReference; fileEncoding = 4; lastKnownFileType = net.daringfireball.markdown; name = TROUBLESHOOTING.md; path = ../../TROUBLESHOOTING.md; sourceTree = "<group>"; };
		11ACC1BC226E86A1003C1DC5 /* quicksort */ = {isa = PBXFileReference; lastKnownFileType = folder; name = quicksort; path = ../../quicksort; sourceTree = "<group>"; };
		11ACC1BD226E86A1003C1DC5 /* mainbuild.mk */ = {isa = PBXFileReference; fileEncoding = 4; lastKnownFileType = text; name = mainbuild.mk; path = ../../mainbuild.mk; sourceTree = "<group>"; };
		11ACC1BE226E86A1003C1DC5 /* FAQ.md */ = {isa = PBXFileReference; fileEncoding = 4; lastKnownFileType = net.daringfireball.markdown; name = FAQ.md; path = ../../FAQ.md; sourceTree = "<group>"; };
		11ACC1BF226E86A1003C1DC5 /* structs */ = {isa = PBXFileReference; lastKnownFileType = folder; name = structs; path = ../../structs; sourceTree = "<group>"; };
		11ACC1C0226E86A1003C1DC5 /* pointers */ = {isa = PBXFileReference; lastKnownFileType = folder; name = pointers; path = ../../pointers; sourceTree = "<group>"; };
/* End PBXFileReference section */

/* Begin PBXFrameworksBuildPhase section */
		11ACC1A7226E866C003C1DC5 /* Frameworks */ = {
			isa = PBXFrameworksBuildPhase;
			buildActionMask = 2147483647;
			files = (
			);
			runOnlyForDeploymentPostprocessing = 0;
		};
/* End PBXFrameworksBuildPhase section */

/* Begin PBXGroup section */
		11ACC1A1226E866C003C1DC5 = {
			isa = PBXGroup;
			children = (
				11ACC1AC226E866C003C1DC5 /* intro */,
				11ACC1AB226E866C003C1DC5 /* Products */,
			);
			sourceTree = "<group>";
		};
		11ACC1AB226E866C003C1DC5 /* Products */ = {
			isa = PBXGroup;
			children = (
				11ACC1AA226E866C003C1DC5 /* intro */,
			);
			name = Products;
			sourceTree = "<group>";
		};
		11ACC1AC226E866C003C1DC5 /* intro */ = {
			isa = PBXGroup;
			children = (
				11ACC1BE226E86A1003C1DC5 /* FAQ.md */,
				11ACC1B7226E86A1003C1DC5 /* fizzbuzz */,
				11ACC1B6226E86A1003C1DC5 /* hangman */,
				11ACC1BD226E86A1003C1DC5 /* mainbuild.mk */,
				11ACC1BA226E86A1003C1DC5 /* malloc */,
				11ACC1C0226E86A1003C1DC5 /* pointers */,
				11ACC1B4226E86A1003C1DC5 /* queue */,
				11ACC1BC226E86A1003C1DC5 /* quicksort */,
				11ACC1B8226E86A1003C1DC5 /* README.md */,
				11ACC1B5226E86A1003C1DC5 /* strings */,
				11ACC1BF226E86A1003C1DC5 /* structs */,
				11ACC1BB226E86A1003C1DC5 /* TROUBLESHOOTING.md */,
				11ACC1B9226E86A1003C1DC5 /* utils */,
				11ACC1AD226E866C003C1DC5 /* main.c */,
			);
			path = intro;
			sourceTree = "<group>";
		};
/* End PBXGroup section */

/* Begin PBXNativeTarget section */
		11ACC1A9226E866C003C1DC5 /* intro */ = {
			isa = PBXNativeTarget;
			buildConfigurationList = 11ACC1B1226E866C003C1DC5 /* Build configuration list for PBXNativeTarget "intro" */;
			buildPhases = (
				11ACC1A6226E866C003C1DC5 /* Sources */,
				11ACC1A7226E866C003C1DC5 /* Frameworks */,
				11ACC1A8226E866C003C1DC5 /* CopyFiles */,
			);
			buildRules = (
			);
			dependencies = (
			);
			name = intro;
			productName = intro;
			productReference = 11ACC1AA226E866C003C1DC5 /* intro */;
			productType = "com.apple.product-type.tool";
		};
/* End PBXNativeTarget section */

/* Begin PBXProject section */
		11ACC1A2226E866C003C1DC5 /* Project object */ = {
			isa = PBXProject;
			attributes = {
				LastUpgradeCheck = 1020;
				ORGANIZATIONNAME = "Nikita Thomas";
				TargetAttributes = {
					11ACC1A9226E866C003C1DC5 = {
						CreatedOnToolsVersion = 10.2.1;
					};
				};
			};
			buildConfigurationList = 11ACC1A5226E866C003C1DC5 /* Build configuration list for PBXProject "intro" */;
			compatibilityVersion = "Xcode 9.3";
			developmentRegion = en;
			hasScannedForEncodings = 0;
			knownRegions = (
				en,
			);
			mainGroup = 11ACC1A1226E866C003C1DC5;
			productRefGroup = 11ACC1AB226E866C003C1DC5 /* Products */;
			projectDirPath = "";
			projectRoot = "";
			targets = (
				11ACC1A9226E866C003C1DC5 /* intro */,
			);
		};
/* End PBXProject section */

/* Begin PBXSourcesBuildPhase section */
		11ACC1A6226E866C003C1DC5 /* Sources */ = {
			isa = PBXSourcesBuildPhase;
			buildActionMask = 2147483647;
			files = (
				11ACC1AE226E866C003C1DC5 /* main.c in Sources */,
			);
			runOnlyForDeploymentPostprocessing = 0;
		};
/* End PBXSourcesBuildPhase section */

/* Begin XCBuildConfiguration section */
		11ACC1AF226E866C003C1DC5 /* Debug */ = {
			isa = XCBuildConfiguration;
			buildSettings = {
				ALWAYS_SEARCH_USER_PATHS = NO;
				CLANG_ANALYZER_NONNULL = YES;
				CLANG_ANALYZER_NUMBER_OBJECT_CONVERSION = YES_AGGRESSIVE;
				CLANG_CXX_LANGUAGE_STANDARD = "gnu++14";
				CLANG_CXX_LIBRARY = "libc++";
				CLANG_ENABLE_MODULES = YES;
				CLANG_ENABLE_OBJC_ARC = YES;
				CLANG_ENABLE_OBJC_WEAK = YES;
				CLANG_WARN_BLOCK_CAPTURE_AUTORELEASING = YES;
				CLANG_WARN_BOOL_CONVERSION = YES;
				CLANG_WARN_COMMA = YES;
				CLANG_WARN_CONSTANT_CONVERSION = YES;
				CLANG_WARN_DEPRECATED_OBJC_IMPLEMENTATIONS = YES;
				CLANG_WARN_DIRECT_OBJC_ISA_USAGE = YES_ERROR;
				CLANG_WARN_DOCUMENTATION_COMMENTS = YES;
				CLANG_WARN_EMPTY_BODY = YES;
				CLANG_WARN_ENUM_CONVERSION = YES;
				CLANG_WARN_INFINITE_RECURSION = YES;
				CLANG_WARN_INT_CONVERSION = YES;
				CLANG_WARN_NON_LITERAL_NULL_CONVERSION = YES;
				CLANG_WARN_OBJC_IMPLICIT_RETAIN_SELF = YES;
				CLANG_WARN_OBJC_LITERAL_CONVERSION = YES;
				CLANG_WARN_OBJC_ROOT_CLASS = YES_ERROR;
				CLANG_WARN_RANGE_LOOP_ANALYSIS = YES;
				CLANG_WARN_STRICT_PROTOTYPES = YES;
				CLANG_WARN_SUSPICIOUS_MOVE = YES;
				CLANG_WARN_UNGUARDED_AVAILABILITY = YES_AGGRESSIVE;
				CLANG_WARN_UNREACHABLE_CODE = YES;
				CLANG_WARN__DUPLICATE_METHOD_MATCH = YES;
				CODE_SIGN_IDENTITY = "Mac Developer";
				COPY_PHASE_STRIP = NO;
				DEBUG_INFORMATION_FORMAT = dwarf;
				ENABLE_STRICT_OBJC_MSGSEND = YES;
				ENABLE_TESTABILITY = YES;
				GCC_C_LANGUAGE_STANDARD = gnu11;
				GCC_DYNAMIC_NO_PIC = NO;
				GCC_NO_COMMON_BLOCKS = YES;
				GCC_OPTIMIZATION_LEVEL = 0;
				GCC_PREPROCESSOR_DEFINITIONS = (
					"DEBUG=1",
					"$(inherited)",
				);
				GCC_WARN_64_TO_32_BIT_CONVERSION = YES;
				GCC_WARN_ABOUT_RETURN_TYPE = YES_ERROR;
				GCC_WARN_UNDECLARED_SELECTOR = YES;
				GCC_WARN_UNINITIALIZED_AUTOS = YES_AGGRESSIVE;
				GCC_WARN_UNUSED_FUNCTION = YES;
				GCC_WARN_UNUSED_VARIABLE = YES;
				MACOSX_DEPLOYMENT_TARGET = 10.14;
				MTL_ENABLE_DEBUG_INFO = INCLUDE_SOURCE;
				MTL_FAST_MATH = YES;
				ONLY_ACTIVE_ARCH = YES;
				SDKROOT = macosx;
			};
			name = Debug;
		};
		11ACC1B0226E866C003C1DC5 /* Release */ = {
			isa = XCBuildConfiguration;
			buildSettings = {
				ALWAYS_SEARCH_USER_PATHS = NO;
				CLANG_ANALYZER_NONNULL = YES;
				CLANG_ANALYZER_NUMBER_OBJECT_CONVERSION = YES_AGGRESSIVE;
				CLANG_CXX_LANGUAGE_STANDARD = "gnu++14";
				CLANG_CXX_LIBRARY = "libc++";
				CLANG_ENABLE_MODULES = YES;
				CLANG_ENABLE_OBJC_ARC = YES;
				CLANG_ENABLE_OBJC_WEAK = YES;
				CLANG_WARN_BLOCK_CAPTURE_AUTORELEASING = YES;
				CLANG_WARN_BOOL_CONVERSION = YES;
				CLANG_WARN_COMMA = YES;
				CLANG_WARN_CONSTANT_CONVERSION = YES;
				CLANG_WARN_DEPRECATED_OBJC_IMPLEMENTATIONS = YES;
				CLANG_WARN_DIRECT_OBJC_ISA_USAGE = YES_ERROR;
				CLANG_WARN_DOCUMENTATION_COMMENTS = YES;
				CLANG_WARN_EMPTY_BODY = YES;
				CLANG_WARN_ENUM_CONVERSION = YES;
				CLANG_WARN_INFINITE_RECURSION = YES;
				CLANG_WARN_INT_CONVERSION = YES;
				CLANG_WARN_NON_LITERAL_NULL_CONVERSION = YES;
				CLANG_WARN_OBJC_IMPLICIT_RETAIN_SELF = YES;
				CLANG_WARN_OBJC_LITERAL_CONVERSION = YES;
				CLANG_WARN_OBJC_ROOT_CLASS = YES_ERROR;
				CLANG_WARN_RANGE_LOOP_ANALYSIS = YES;
				CLANG_WARN_STRICT_PROTOTYPES = YES;
				CLANG_WARN_SUSPICIOUS_MOVE = YES;
				CLANG_WARN_UNGUARDED_AVAILABILITY = YES_AGGRESSIVE;
				CLANG_WARN_UNREACHABLE_CODE = YES;
				CLANG_WARN__DUPLICATE_METHOD_MATCH = YES;
				CODE_SIGN_IDENTITY = "Mac Developer";
				COPY_PHASE_STRIP = NO;
				DEBUG_INFORMATION_FORMAT = "dwarf-with-dsym";
				ENABLE_NS_ASSERTIONS = NO;
				ENABLE_STRICT_OBJC_MSGSEND = YES;
				GCC_C_LANGUAGE_STANDARD = gnu11;
				GCC_NO_COMMON_BLOCKS = YES;
				GCC_WARN_64_TO_32_BIT_CONVERSION = YES;
				GCC_WARN_ABOUT_RETURN_TYPE = YES_ERROR;
				GCC_WARN_UNDECLARED_SELECTOR = YES;
				GCC_WARN_UNINITIALIZED_AUTOS = YES_AGGRESSIVE;
				GCC_WARN_UNUSED_FUNCTION = YES;
				GCC_WARN_UNUSED_VARIABLE = YES;
				MACOSX_DEPLOYMENT_TARGET = 10.14;
				MTL_ENABLE_DEBUG_INFO = NO;
				MTL_FAST_MATH = YES;
				SDKROOT = macosx;
			};
			name = Release;
		};
		11ACC1B2226E866C003C1DC5 /* Debug */ = {
			isa = XCBuildConfiguration;
			buildSettings = {
				CODE_SIGN_STYLE = Automatic;
				DEVELOPMENT_TEAM = FXUY9QKNNU;
				PRODUCT_NAME = "$(TARGET_NAME)";
			};
			name = Debug;
		};
		11ACC1B3226E866C003C1DC5 /* Release */ = {
			isa = XCBuildConfiguration;
			buildSettings = {
				CODE_SIGN_STYLE = Automatic;
				DEVELOPMENT_TEAM = FXUY9QKNNU;
				PRODUCT_NAME = "$(TARGET_NAME)";
			};
			name = Release;
		};
/* End XCBuildConfiguration section */

/* Begin XCConfigurationList section */
		11ACC1A5226E866C003C1DC5 /* Build configuration list for PBXProject "intro" */ = {
			isa = XCConfigurationList;
			buildConfigurations = (
				11ACC1AF226E866C003C1DC5 /* Debug */,
				11ACC1B0226E866C003C1DC5 /* Release */,
			);
			defaultConfigurationIsVisible = 0;
			defaultConfigurationName = Release;
		};
		11ACC1B1226E866C003C1DC5 /* Build configuration list for PBXNativeTarget "intro" */ = {
			isa = XCConfigurationList;
			buildConfigurations = (
				11ACC1B2226E866C003C1DC5 /* Debug */,
				11ACC1B3226E866C003C1DC5 /* Release */,
			);
			defaultConfigurationIsVisible = 0;
			defaultConfigurationName = Release;
		};
/* End XCConfigurationList section */
	};
	rootObject = 11ACC1A2226E866C003C1DC5 /* Project object */;
}
